# THIS IS AN AUTOGENERATED FILE. DO NOT EDIT THIS FILE DIRECTLY.
# yarn lockfile v1


"@types/three@^0.142.0":
  version "0.142.0"
  resolved "https://registry.yarnpkg.com/@types/three/-/three-0.142.0.tgz#32ca897afc925057174a398416777fcb141666d6"
  integrity sha512-YNVnlqthfgqsxKuSNbT/G2r+ha/6x+aJm7kvjT+sxa4jUROw/KOPm5xzGj33sk1+Librg6NwH/wJ6LCDX33UZg==
  dependencies:
    "@types/webxr" "*"

"@types/webxr@*":
  version "0.5.0"
  resolved "https://registry.yarnpkg.com/@types/webxr/-/webxr-0.5.0.tgz#aae1cef3210d88fd4204f8c33385a0bbc4da07c9"
  integrity sha512-IUMDPSXnYIbEO2IereEFcgcqfDREOgmbGqtrMpVPpACTU6pltYLwHgVkrnYv0XhWEcjio9sYEfIEzgn3c7nDqA==

core-util-is@~1.0.0:
  version "1.0.3"
  resolved "https://registry.yarnpkg.com/core-util-is/-/core-util-is-1.0.3.tgz#a6042d3634c2b27e9328f837b965fac83808db85"
  integrity sha512-ZQBvi1DcpJ4GDqanjucZ2Hj3wEO5pZDS89BWbkcrvdxksJorwUDDZamX9ldFkp9aw2lmBDLgkObEA4DWNJ9FYQ==

esbuild-android-64@0.14.51:
  version "0.14.51"
  resolved "https://registry.yarnpkg.com/esbuild-android-64/-/esbuild-android-64-0.14.51.tgz#414a087cb0de8db1e347ecca6c8320513de433db"
  integrity sha512-6FOuKTHnC86dtrKDmdSj2CkcKF8PnqkaIXqvgydqfJmqBazCPdw+relrMlhGjkvVdiiGV70rpdnyFmA65ekBCQ==

esbuild-android-arm64@0.14.51:
  version "0.14.51"
  resolved "https://registry.yarnpkg.com/esbuild-android-arm64/-/esbuild-android-arm64-0.14.51.tgz#55de3bce2aab72bcd2b606da4318ad00fb9c8151"
  integrity sha512-vBtp//5VVkZWmYYvHsqBRCMMi1MzKuMIn5XDScmnykMTu9+TD9v0NMEDqQxvtFToeYmojdo5UCV2vzMQWJcJ4A==

esbuild-darwin-64@0.14.51:
  version "0.14.51"
  resolved "https://registry.yarnpkg.com/esbuild-darwin-64/-/esbuild-darwin-64-0.14.51.tgz#4259f23ed6b4cea2ec8a28d87b7fb9801f093754"
  integrity sha512-YFmXPIOvuagDcwCejMRtCDjgPfnDu+bNeh5FU2Ryi68ADDVlWEpbtpAbrtf/lvFTWPexbgyKgzppNgsmLPr8PA==

esbuild-darwin-arm64@0.14.51:
  version "0.14.51"
  resolved "https://registry.yarnpkg.com/esbuild-darwin-arm64/-/esbuild-darwin-arm64-0.14.51.tgz#d77b4366a71d84e530ba019d540b538b295d494a"
  integrity sha512-juYD0QnSKwAMfzwKdIF6YbueXzS6N7y4GXPDeDkApz/1RzlT42mvX9jgNmyOlWKN7YzQAYbcUEJmZJYQGdf2ow==

esbuild-freebsd-64@0.14.51:
  version "0.14.51"
  resolved "https://registry.yarnpkg.com/esbuild-freebsd-64/-/esbuild-freebsd-64-0.14.51.tgz#27b6587b3639f10519c65e07219d249b01f2ad38"
  integrity sha512-cLEI/aXjb6vo5O2Y8rvVSQ7smgLldwYY5xMxqh/dQGfWO+R1NJOFsiax3IS4Ng300SVp7Gz3czxT6d6qf2cw0g==

esbuild-freebsd-arm64@0.14.51:
  version "0.14.51"
  resolved "https://registry.yarnpkg.com/esbuild-freebsd-arm64/-/esbuild-freebsd-arm64-0.14.51.tgz#63c435917e566808c71fafddc600aca4d78be1ec"
  integrity sha512-TcWVw/rCL2F+jUgRkgLa3qltd5gzKjIMGhkVybkjk6PJadYInPtgtUBp1/hG+mxyigaT7ib+od1Xb84b+L+1Mg==

esbuild-linux-32@0.14.51:
  version "0.14.51"
  resolved "https://registry.yarnpkg.com/esbuild-linux-32/-/esbuild-linux-32-0.14.51.tgz#c3da774143a37e7f11559b9369d98f11f997a5d9"
  integrity sha512-RFqpyC5ChyWrjx8Xj2K0EC1aN0A37H6OJfmUXIASEqJoHcntuV3j2Efr9RNmUhMfNE6yEj2VpYuDteZLGDMr0w==

esbuild-linux-64@0.14.51:
  version "0.14.51"
  resolved "https://registry.yarnpkg.com/esbuild-linux-64/-/esbuild-linux-64-0.14.51.tgz#5d92b67f674e02ae0b4a9de9a757ba482115c4ae"
  integrity sha512-dxjhrqo5i7Rq6DXwz5v+MEHVs9VNFItJmHBe1CxROWNf4miOGoQhqSG8StStbDkQ1Mtobg6ng+4fwByOhoQoeA==

esbuild-linux-arm64@0.14.51:
  version "0.14.51"
  resolved "https://registry.yarnpkg.com/esbuild-linux-arm64/-/esbuild-linux-arm64-0.14.51.tgz#dac84740516e859d8b14e1ecc478dd5241b10c93"
  integrity sha512-D9rFxGutoqQX3xJPxqd6o+kvYKeIbM0ifW2y0bgKk5HPgQQOo2k9/2Vpto3ybGYaFPCE5qTGtqQta9PoP6ZEzw==

esbuild-linux-arm@0.14.51:
  version "0.14.51"
  resolved "https://registry.yarnpkg.com/esbuild-linux-arm/-/esbuild-linux-arm-0.14.51.tgz#b3ae7000696cd53ed95b2b458554ff543a60e106"
  integrity sha512-LsJynDxYF6Neg7ZC7748yweCDD+N8ByCv22/7IAZglIEniEkqdF4HCaa49JNDLw1UQGlYuhOB8ZT/MmcSWzcWg==

esbuild-linux-mips64le@0.14.51:
  version "0.14.51"
  resolved "https://registry.yarnpkg.com/esbuild-linux-mips64le/-/esbuild-linux-mips64le-0.14.51.tgz#dad10770fac94efa092b5a0643821c955a9dd385"
  integrity sha512-vS54wQjy4IinLSlb5EIlLoln8buh1yDgliP4CuEHumrPk4PvvP4kTRIG4SzMXm6t19N0rIfT4bNdAxzJLg2k6A==

esbuild-linux-ppc64le@0.14.51:
  version "0.14.51"
  resolved "https://registry.yarnpkg.com/esbuild-linux-ppc64le/-/esbuild-linux-ppc64le-0.14.51.tgz#b68c2f8294d012a16a88073d67e976edd4850ae0"
  integrity sha512-xcdd62Y3VfGoyphNP/aIV9LP+RzFw5M5Z7ja+zdpQHHvokJM7d0rlDRMN+iSSwvUymQkqZO+G/xjb4/75du8BQ==

esbuild-linux-riscv64@0.14.51:
  version "0.14.51"
  resolved "https://registry.yarnpkg.com/esbuild-linux-riscv64/-/esbuild-linux-riscv64-0.14.51.tgz#608a318b8697123e44c1e185cdf6708e3df50b93"
  integrity sha512-syXHGak9wkAnFz0gMmRBoy44JV0rp4kVCEA36P5MCeZcxFq8+fllBC2t6sKI23w3qd8Vwo9pTADCgjTSf3L3rA==

esbuild-linux-s390x@0.14.51:
  version "0.14.51"
  resolved "https://registry.yarnpkg.com/esbuild-linux-s390x/-/esbuild-linux-s390x-0.14.51.tgz#c9e7791170a3295dba79b93aa452beb9838a8625"
  integrity sha512-kFAJY3dv+Wq8o28K/C7xkZk/X34rgTwhknSsElIqoEo8armCOjMJ6NsMxm48KaWY2h2RUYGtQmr+RGuUPKBhyw==

esbuild-netbsd-64@0.14.51:
  version "0.14.51"
  resolved "https://registry.yarnpkg.com/esbuild-netbsd-64/-/esbuild-netbsd-64-0.14.51.tgz#0abd40b8c2e37fda6f5cc41a04cb2b690823d891"
  integrity sha512-ZZBI7qrR1FevdPBVHz/1GSk1x5GDL/iy42Zy8+neEm/HA7ma+hH/bwPEjeHXKWUDvM36CZpSL/fn1/y9/Hb+1A==

esbuild-openbsd-64@0.14.51:
  version "0.14.51"
  resolved "https://registry.yarnpkg.com/esbuild-openbsd-64/-/esbuild-openbsd-64-0.14.51.tgz#4adba0b7ea7eb1428bb00d8e94c199a949b130e8"
  integrity sha512-7R1/p39M+LSVQVgDVlcY1KKm6kFKjERSX1lipMG51NPcspJD1tmiZSmmBXoY5jhHIu6JL1QkFDTx94gMYK6vfA==

esbuild-sunos-64@0.14.51:
  version "0.14.51"
  resolved "https://registry.yarnpkg.com/esbuild-sunos-64/-/esbuild-sunos-64-0.14.51.tgz#4b8a6d97dfedda30a6e39607393c5c90ebf63891"
  integrity sha512-HoHaCswHxLEYN8eBTtyO0bFEWvA3Kdb++hSQ/lLG7TyKF69TeSG0RNoBRAs45x/oCeWaTDntEZlYwAfQlhEtJA==

esbuild-windows-32@0.14.51:
  version "0.14.51"
  resolved "https://registry.yarnpkg.com/esbuild-windows-32/-/esbuild-windows-32-0.14.51.tgz#d31d8ca0c1d314fb1edea163685a423b62e9ac17"
  integrity sha512-4rtwSAM35A07CBt1/X8RWieDj3ZUHQqUOaEo5ZBs69rt5WAFjP4aqCIobdqOy4FdhYw1yF8Z0xFBTyc9lgPtEg==

esbuild-windows-64@0.14.51:
  version "0.14.51"
  resolved "https://registry.yarnpkg.com/esbuild-windows-64/-/esbuild-windows-64-0.14.51.tgz#7d3c09c8652d222925625637bdc7e6c223e0085d"
  integrity sha512-HoN/5HGRXJpWODprGCgKbdMvrC3A2gqvzewu2eECRw2sYxOUoh2TV1tS+G7bHNapPGI79woQJGV6pFH7GH7qnA==

esbuild-windows-arm64@0.14.51:
  version "0.14.51"
  resolved "https://registry.yarnpkg.com/esbuild-windows-arm64/-/esbuild-windows-arm64-0.14.51.tgz#0220d2304bfdc11bc27e19b2aaf56edf183e4ae9"
  integrity sha512-JQDqPjuOH7o+BsKMSddMfmVJXrnYZxXDHsoLHc0xgmAZkOOCflRmC43q31pk79F9xuyWY45jDBPolb5ZgGOf9g==

esbuild@^0.14.47:
  version "0.14.51"
  resolved "https://registry.yarnpkg.com/esbuild/-/esbuild-0.14.51.tgz#1c8ecbc8db3710da03776211dc3ee3448f7aa51e"
  integrity sha512-+CvnDitD7Q5sT7F+FM65sWkF8wJRf+j9fPcprxYV4j+ohmzVj2W7caUqH2s5kCaCJAfcAICjSlKhDCcvDpU7nw==
  optionalDependencies:
    esbuild-android-64 "0.14.51"
    esbuild-android-arm64 "0.14.51"
    esbuild-darwin-64 "0.14.51"
    esbuild-darwin-arm64 "0.14.51"
    esbuild-freebsd-64 "0.14.51"
    esbuild-freebsd-arm64 "0.14.51"
    esbuild-linux-32 "0.14.51"
    esbuild-linux-64 "0.14.51"
    esbuild-linux-arm "0.14.51"
    esbuild-linux-arm64 "0.14.51"
    esbuild-linux-mips64le "0.14.51"
    esbuild-linux-ppc64le "0.14.51"
    esbuild-linux-riscv64 "0.14.51"
    esbuild-linux-s390x "0.14.51"
    esbuild-netbsd-64 "0.14.51"
    esbuild-openbsd-64 "0.14.51"
    esbuild-sunos-64 "0.14.51"
    esbuild-windows-32 "0.14.51"
    esbuild-windows-64 "0.14.51"
    esbuild-windows-arm64 "0.14.51"

fsevents@~2.3.2:
  version "2.3.2"
  resolved "https://registry.yarnpkg.com/fsevents/-/fsevents-2.3.2.tgz#8a526f78b8fdf4623b709e0b975c52c24c02fd1a"
  integrity sha512-xiqMQR4xAeHTuB9uWm+fFRcIOgKBMiOBP+eXiyT7jsgVCq1bkVygt00oASowB7EdtpOHaaPgKt812P9ab+DDKA==

function-bind@^1.1.1:
  version "1.1.1"
  resolved "https://registry.yarnpkg.com/function-bind/-/function-bind-1.1.1.tgz#a56899d3ea3c9bab874bb9773b7c5ede92f4895d"
  integrity sha512-yIovAzMX49sF8Yl58fSCWJ5svSLuaibPxXQJFLmBObTuCr0Mf1KiPopGM9NiFjiYBCbfaa2Fh6breQ6ANVTI0A==

glsl-token-functions@^1.0.1:
  version "1.0.1"
  resolved "https://registry.yarnpkg.com/glsl-token-functions/-/glsl-token-functions-1.0.1.tgz#2f1614746b96e14f059a6d62af79b65457f0c9a0"
  integrity sha512-EigGhp1g+aUVeUNY7H1o5tL/bnwIB3/FcRREPr2E7Du+/UDXN24hDkaZ3e4aWHDjHr9lJ6YHXMISkwhUYg9UOg==

glsl-token-string@^1.0.1:
  version "1.0.1"
  resolved "https://registry.yarnpkg.com/glsl-token-string/-/glsl-token-string-1.0.1.tgz#59441d2f857de7c3449c945666021ece358e48ec"
  integrity sha512-1mtQ47Uxd47wrovl+T6RshKGkRRCYWhnELmkEcUAPALWGTFe2XZpH3r45XAwL2B6v+l0KNsCnoaZCSnhzKEksg==

glsl-tokenizer@^2.1.5:
  version "2.1.5"
  resolved "https://registry.yarnpkg.com/glsl-tokenizer/-/glsl-tokenizer-2.1.5.tgz#1c2e78c16589933c274ba278d0a63b370c5fee1a"
  integrity sha512-XSZEJ/i4dmz3Pmbnpsy3cKh7cotvFlBiZnDOwnj/05EwNp2XrhQ4XKJxT7/pDt4kp4YcpRSKz8eTV7S+mwV6MA==
  dependencies:
    through2 "^0.6.3"

has@^1.0.3:
  version "1.0.3"
  resolved "https://registry.yarnpkg.com/has/-/has-1.0.3.tgz#722d7cbfc1f6aa8241f16dd814e011e1f41e8796"
  integrity sha512-f2dvO0VU6Oej7RkWJGrehjbzMAjFp5/VKPp5tTpWIV4JHHZK1/BxbFRtf/siA2SWTe09caDmVtYYzWEIbBS4zw==
  dependencies:
    function-bind "^1.1.1"

inherits@~2.0.1:
  version "2.0.4"
  resolved "https://registry.yarnpkg.com/inherits/-/inherits-2.0.4.tgz#0fa2c64f932917c3433a0ded55363aae37416b7c"
  integrity sha512-k/vGaX4/Yla3WzyMCvTQOXYeIHvqOKtnqBduzTHpzpQZzAskKMhZ2K+EnBiSM9zGSoIFeMpXKxa4dYeZIQqewQ==

is-core-module@^2.9.0:
  version "2.9.0"
  resolved "https://registry.yarnpkg.com/is-core-module/-/is-core-module-2.9.0.tgz#e1c34429cd51c6dd9e09e0799e396e27b19a9c69"
  integrity sha512-+5FPy5PnwmO3lvfMb0AsoPaBG+5KHUI0wYFXOtYPnVVVspTFUuMZNfNaNVRt3FZadstu2c8x23vykRW/NBoU6A==
  dependencies:
    has "^1.0.3"

isarray@0.0.1:
  version "0.0.1"
  resolved "https://registry.yarnpkg.com/isarray/-/isarray-0.0.1.tgz#8a18acfca9a8f4177e09abfc6038939b05d1eedf"
  integrity sha512-D2S+3GLxWH+uhrNEcoh/fnmYeP8E8/zHl644d/jdA0g2uyXvy3sb0qxotE+ne0LtccHknQzWwZEzhak7oJ0COQ==

nanoid@^3.3.4:
  version "3.3.4"
  resolved "https://registry.yarnpkg.com/nanoid/-/nanoid-3.3.4.tgz#730b67e3cd09e2deacf03c027c81c9d9dbc5e8ab"
  integrity sha512-MqBkQh/OHTS2egovRtLk45wEyNXwF+cokD+1YPf9u5VfJiRdAiRwB2froX5Co9Rh20xs4siNPm8naNotSD6RBw==

object-hash@^3.0.0:
  version "3.0.0"
  resolved "https://registry.yarnpkg.com/object-hash/-/object-hash-3.0.0.tgz#73f97f753e7baffc0e2cc9d6e079079744ac82e9"
  integrity sha512-RSn9F68PjH9HqtltsSnqYC1XXoWe9Bju5+213R98cNGttag9q9yAOTzdbsqvIa7aNm5WffBZFpWYr2aWrklWAw==

path-parse@^1.0.7:
  version "1.0.7"
  resolved "https://registry.yarnpkg.com/path-parse/-/path-parse-1.0.7.tgz#fbc114b60ca42b30d9daf5858e4bd68bbedb6735"
  integrity sha512-LDJzPVEEEPR+y48z93A0Ed0yXb8pAByGWo/k5YYdYgpY2/2EsOsksJrq7lOHxryrVOn1ejG6oAp8ahvOIQD8sw==

picocolors@^1.0.0:
  version "1.0.0"
  resolved "https://registry.yarnpkg.com/picocolors/-/picocolors-1.0.0.tgz#cb5bdc74ff3f51892236eaf79d68bc44564ab81c"
  integrity sha512-1fygroTLlHu66zi26VoTDv8yRgm0Fccecssto+MhsZ0D/DGW2sm8E8AjW7NU5VVTRt5GxbeZ5qBuJr+HyLYkjQ==

postcss@^8.4.14:
  version "8.4.14"
  resolved "https://registry.yarnpkg.com/postcss/-/postcss-8.4.14.tgz#ee9274d5622b4858c1007a74d76e42e56fd21caf"
  integrity sha512-E398TUmfAYFPBSdzgeieK2Y1+1cpdxJx8yXbK/m57nRhKSmk1GB2tO4lbLBtlkfPQTDKfe4Xqv1ASWPpayPEig==
  dependencies:
    nanoid "^3.3.4"
    picocolors "^1.0.0"
    source-map-js "^1.0.2"

"readable-stream@>=1.0.33-1 <1.1.0-0":
  version "1.0.34"
  resolved "https://registry.yarnpkg.com/readable-stream/-/readable-stream-1.0.34.tgz#125820e34bc842d2f2aaafafe4c2916ee32c157c"
  integrity sha512-ok1qVCJuRkNmvebYikljxJA/UEsKwLl2nI1OmaqAu4/UE+h0wKCHok4XkL/gvi39OacXvw59RJUOFUkDib2rHg==
  dependencies:
    core-util-is "~1.0.0"
    inherits "~2.0.1"
    isarray "0.0.1"
    string_decoder "~0.10.x"

resolve@^1.22.1:
  version "1.22.1"
  resolved "https://registry.yarnpkg.com/resolve/-/resolve-1.22.1.tgz#27cb2ebb53f91abb49470a928bba7558066ac177"
  integrity sha512-nBpuuYuY5jFsli/JIs1oldw6fOQCBioohqWZg/2hiaOybXOft4lonv85uDOKXdf8rhyK159cxU5cDcK/NKk8zw==
  dependencies:
    is-core-module "^2.9.0"
    path-parse "^1.0.7"
    supports-preserve-symlinks-flag "^1.0.0"

rollup@^2.75.6:
  version "2.77.2"
  resolved "https://registry.yarnpkg.com/rollup/-/rollup-2.77.2.tgz#6b6075c55f9cc2040a5912e6e062151e42e2c4e3"
  integrity sha512-m/4YzYgLcpMQbxX3NmAqDvwLATZzxt8bIegO78FZLl+lAgKJBd1DRAOeEiZcKOIOPjxE6ewHWHNgGEalFXuz1g==
  optionalDependencies:
    fsevents "~2.3.2"

source-map-js@^1.0.2:
  version "1.0.2"
  resolved "https://registry.yarnpkg.com/source-map-js/-/source-map-js-1.0.2.tgz#adbc361d9c62df380125e7f161f71c826f1e490c"
  integrity sha512-R0XvVJ9WusLiqTCEiGCmICCMplcCkIwwR11mOSD9CR5u+IXYdiseeEuXCVAjS54zqwkLcPNnmU4OeJ6tUrWhDw==

string_decoder@~0.10.x:
  version "0.10.31"
  resolved "https://registry.yarnpkg.com/string_decoder/-/string_decoder-0.10.31.tgz#62e203bc41766c6c28c9fc84301dab1c5310fa94"
  integrity sha512-ev2QzSzWPYmy9GuqfIVildA4OdcGLeFZQrq5ys6RtiuF+RQQiZWr8TZNyAcuVXyQRYfEO+MsoB/1BuQVhOJuoQ==

supports-preserve-symlinks-flag@^1.0.0:
  version "1.0.0"
  resolved "https://registry.yarnpkg.com/supports-preserve-symlinks-flag/-/supports-preserve-symlinks-flag-1.0.0.tgz#6eda4bd344a3c94aea376d4cc31bc77311039e09"
  integrity sha512-ot0WnXS9fgdkgIcePe6RHNk1WA8+muPa6cSjeR3V8K27q9BB1rTE3R1p7Hv0z1ZyAc8s6Vvv8DIyWf681MAt0w==

three-custom-shader-material@^3.5.2:
  version "3.5.2"
  resolved "https://registry.yarnpkg.com/three-custom-shader-material/-/three-custom-shader-material-3.5.2.tgz#4eeedb2caccfcebb828dfc1a0f9fa9bf6d0f12aa"
  integrity sha512-K9547Xd1OLYBCR33SjLdDgbub3WI3DZqDz8n51sNrZLqXlq+5glN9fR63ywaHwP0XSVnYG9+eb9/nMwhxGh3zQ==
  dependencies:
    glsl-token-functions "^1.0.1"
    glsl-token-string "^1.0.1"
    glsl-tokenizer "^2.1.5"
    object-hash "^3.0.0"

three@^0.142.0:
  version "0.142.0"
  resolved "https://registry.yarnpkg.com/three/-/three-0.142.0.tgz#89e226a16221f212eb1d40f0786604b711f28aed"
  integrity sha512-ESjPO+3geFr+ZUfVMpMnF/eVU2uJPOh0e2ZpMFqjNca1wApS9lJb7E4MjwGIczgt9iuKd8PEm6Pfgp2bJ92Xtg==

through2@^0.6.3:
  version "0.6.5"
  resolved "https://registry.yarnpkg.com/through2/-/through2-0.6.5.tgz#41ab9c67b29d57209071410e1d7a7a968cd3ad48"
  integrity sha512-RkK/CCESdTKQZHdmKICijdKKsCRVHs5KsLZ6pACAmF/1GPUQhonHSXWNERctxEp7RmvjdNbZTL5z9V7nSCXKcg==
  dependencies:
    readable-stream ">=1.0.33-1 <1.1.0-0"
    xtend ">=4.0.0 <4.1.0-0"

typescript@^4.5.4:
  version "4.7.4"
  resolved "https://registry.yarnpkg.com/typescript/-/typescript-4.7.4.tgz#1a88596d1cf47d59507a1bcdfb5b9dfe4d488235"
  integrity sha512-C0WQT0gezHuw6AdY1M2jxUO83Rjf0HP7Sk1DtXj6j1EwkQNZrHAg2XPWlq62oqEhYvONq5pkC2Y9oPljWToLmQ==

vite@^3.0.2:
  version "3.0.4"
  resolved "https://registry.yarnpkg.com/vite/-/vite-3.0.4.tgz#c61688d6b97573e96cf5ac25f2d68597b5ce68e8"
  integrity sha512-NU304nqnBeOx2MkQnskBQxVsa0pRAH5FphokTGmyy8M3oxbvw7qAXts2GORxs+h/2vKsD+osMhZ7An6yK6F1dA==
  dependencies:
    esbuild "^0.14.47"
    postcss "^8.4.14"
    resolve "^1.22.1"
    rollup "^2.75.6"
  optionalDependencies:
    fsevents "~2.3.2"

"xtend@>=4.0.0 <4.1.0-0":
  version "4.0.2"
  resolved "https://registry.yarnpkg.com/xtend/-/xtend-4.0.2.tgz#bb72779f5fa465186b1f438f674fa347fdb5db54"
  integrity sha512-LKYU1iAXJXUgAXn9URjiu+MWhyUXHsvfp7mcuYm9dSUKK0/CjtrUwFAxD82/mCWbtLsGjFIad0wIsod4zrTAEQ==
